
Microsoft Visual Studio Solution File, Format Version 12.00
# Visual Studio Version 17
VisualStudioVersion = 17.4.33110.190
MinimumVisualStudioVersion = 10.0.40219.1
Project("{FAE04EC0-301F-11D3-BF4B-00C04F79EFBC}") = "MovieApp.Web", "MovieApp.Web\MovieApp.Web.csproj", "{EAD3E22C-A059-4618-ABCB-5EA9632E269B}"
EndProject
Project("{FAE04EC0-301F-11D3-BF4B-00C04F79EFBC}") = "MovieApp.Core", "MovieApp.Core\MovieApp.Core.csproj", "{D6EACAE4-8B38-47AA-85D0-844AA8C0E3A0}"
EndProject
Project("{FAE04EC0-301F-11D3-BF4B-00C04F79EFBC}") = "MovieApp.Repository", "MovieApp.Repository\MovieApp.Repository.csproj", "{D755D010-AEB4-4CFF-8035-8B51B3E6B248}"
EndProject
Project("{FAE04EC0-301F-11D3-BF4B-00C04F79EFBC}") = "MovieApp.Service", "MovieApp.Service\MovieApp.Service.csproj", "{6533CD2F-38DF-4072-9EF5-025208751ECC}"
EndProject
Project("{FAE04EC0-301F-11D3-BF4B-00C04F79EFBC}") = "MovieApp.Cache", "MovieApp.Cache\MovieApp.Cache.csproj", "{2C76D268-0539-438A-958D-96647602EC5E}"
EndProject
Global
	GlobalSection(SolutionConfigurationPlatforms) = preSolution
		Debug|Any CPU = Debug|Any CPU
		Release|Any CPU = Release|Any CPU
	EndGlobalSection
	GlobalSection(ProjectConfigurationPlatforms) = postSolution
		{EAD3E22C-A059-4618-ABCB-5EA9632E269B}.Debug|Any CPU.ActiveCfg = Debug|Any CPU
		{EAD3E22C-A059-4618-ABCB-5EA9632E269B}.Debug|Any CPU.Build.0 = Debug|Any CPU
		{EAD3E22C-A059-4618-ABCB-5EA9632E269B}.Release|Any CPU.ActiveCfg = Release|Any CPU
		{EAD3E22C-A059-4618-ABCB-5EA9632E269B}.Release|Any CPU.Build.0 = Release|Any CPU
		{D6EACAE4-8B38-47AA-85D0-844AA8C0E3A0}.Debug|Any CPU.ActiveCfg = Debug|Any CPU
		{D6EACAE4-8B38-47AA-85D0-844AA8C0E3A0}.Debug|Any CPU.Build.0 = Debug|Any CPU
		{D6EACAE4-8B38-47AA-85D0-844AA8C0E3A0}.Release|Any CPU.ActiveCfg = Release|Any CPU
		{D6EACAE4-8B38-47AA-85D0-844AA8C0E3A0}.Release|Any CPU.Build.0 = Release|Any CPU
		{D755D010-AEB4-4CFF-8035-8B51B3E6B248}.Debug|Any CPU.ActiveCfg = Debug|Any CPU
		{D755D010-AEB4-4CFF-8035-8B51B3E6B248}.Debug|Any CPU.Build.0 = Debug|Any CPU
		{D755D010-AEB4-4CFF-8035-8B51B3E6B248}.Release|Any CPU.ActiveCfg = Release|Any CPU
		{D755D010-AEB4-4CFF-8035-8B51B3E6B248}.Release|Any CPU.Build.0 = Release|Any CPU
		{6533CD2F-38DF-4072-9EF5-025208751ECC}.Debug|Any CPU.ActiveCfg = Debug|Any CPU
		{6533CD2F-38DF-4072-9EF5-025208751ECC}.Debug|Any CPU.Build.0 = Debug|Any CPU
		{6533CD2F-38DF-4072-9EF5-025208751ECC}.Release|Any CPU.ActiveCfg = Release|Any CPU
		{6533CD2F-38DF-4072-9EF5-025208751ECC}.Release|Any CPU.Build.0 = Release|Any CPU
		{2C76D268-0539-438A-958D-96647602EC5E}.Debug|Any CPU.ActiveCfg = Debug|Any CPU
		{2C76D268-0539-438A-958D-96647602EC5E}.Debug|Any CPU.Build.0 = Debug|Any CPU
		{2C76D268-0539-438A-958D-96647602EC5E}.Release|Any CPU.ActiveCfg = Release|Any CPU
		{2C76D268-0539-438A-958D-96647602EC5E}.Release|Any CPU.Build.0 = Release|Any CPU
	EndGlobalSection
	GlobalSection(SolutionProperties) = preSolution
		HideSolutionNode = FALSE
	EndGlobalSection
	GlobalSection(ExtensibilityGlobals) = postSolution
		SolutionGuid = {60C43AE0-5BBF-4EFC-93B7-47F2CE3AE3FD}
	EndGlobalSection
EndGlobal
