
Microsoft Visual Studio Solution File, Format Version 12.00
# Visual Studio Version 17
VisualStudioVersion = 17.4.33110.190
MinimumVisualStudioVersion = 10.0.40219.1
Project("{FAE04EC0-301F-11D3-BF4B-00C04F79EFBC}") = "MovieApp.Web", "MovieApp.Web\MovieApp.Web.csproj", "{EAD3E22C-A059-4618-ABCB-5EA9632E269B}"
EndProject
Global
	GlobalSection(SolutionConfigurationPlatforms) = preSolution
		Debug|Any CPU = Debug|Any CPU
		Release|Any CPU = Release|Any CPU
	EndGlobalSection
	GlobalSection(ProjectConfigurationPlatforms) = postSolution
		{EAD3E22C-A059-4618-ABCB-5EA9632E269B}.Debug|Any CPU.ActiveCfg = Debug|Any CPU
		{EAD3E22C-A059-4618-ABCB-5EA9632E269B}.Debug|Any CPU.Build.0 = Debug|Any CPU
		{EAD3E22C-A059-4618-ABCB-5EA9632E269B}.Release|Any CPU.ActiveCfg = Release|Any CPU
		{EAD3E22C-A059-4618-ABCB-5EA9632E269B}.Release|Any CPU.Build.0 = Release|Any CPU
	EndGlobalSection
	GlobalSection(SolutionProperties) = preSolution
		HideSolutionNode = FALSE
	EndGlobalSection
	GlobalSection(ExtensibilityGlobals) = postSolution
		SolutionGuid = {60C43AE0-5BBF-4EFC-93B7-47F2CE3AE3FD}
	EndGlobalSection
EndGlobal
